
Microsoft Visual Studio Solution File, Format Version 12.00
# Visual Studio Version 17
VisualStudioVersion = 17.8.34309.116
MinimumVisualStudioVersion = 10.0.40219.1
Project("{FAE04EC0-301F-11D3-BF4B-00C04F79EFBC}") = "Get-User-ip-country-screenshot", "Get-User-ip-country-screenshot\Get-User-ip-country-screenshot.csproj", "{30ACA8DA-5A8D-4E71-9FDA-29EAD47203EB}"
EndProject
Global
	GlobalSection(SolutionConfigurationPlatforms) = preSolution
		Debug|Any CPU = Debug|Any CPU
		Release|Any CPU = Release|Any CPU
	EndGlobalSection
	GlobalSection(ProjectConfigurationPlatforms) = postSolution
		{30ACA8DA-5A8D-4E71-9FDA-29EAD47203EB}.Debug|Any CPU.ActiveCfg = Debug|Any CPU
		{30ACA8DA-5A8D-4E71-9FDA-29EAD47203EB}.Debug|Any CPU.Build.0 = Debug|Any CPU
		{30ACA8DA-5A8D-4E71-9FDA-29EAD47203EB}.Release|Any CPU.ActiveCfg = Release|Any CPU
		{30ACA8DA-5A8D-4E71-9FDA-29EAD47203EB}.Release|Any CPU.Build.0 = Release|Any CPU
	EndGlobalSection
	GlobalSection(SolutionProperties) = preSolution
		HideSolutionNode = FALSE
	EndGlobalSection
	GlobalSection(ExtensibilityGlobals) = postSolution
		SolutionGuid = {60E3D9DB-1723-40C8-BFBD-4272CC788169}
	EndGlobalSection
EndGlobal
